
Microsoft Visual Studio Solution File, Format Version 12.00
# Visual Studio 15
VisualStudioVersion = 15.0.26730.3
MinimumVisualStudioVersion = 10.0.40219.1
Project("{FAE04EC0-301F-11D3-BF4B-00C04F79EFBC}") = "TopicalInformationApp", "TopicalInformationApp\TopicalInformationApp.csproj", "{C5FD7C6B-2017-410F-A99E-409212CC78C0}"
EndProject
Global
	GlobalSection(SolutionConfigurationPlatforms) = preSolution
		Debug|Any CPU = Debug|Any CPU
		Release|Any CPU = Release|Any CPU
	EndGlobalSection
	GlobalSection(ProjectConfigurationPlatforms) = postSolution
		{C5FD7C6B-2017-410F-A99E-409212CC78C0}.Debug|Any CPU.ActiveCfg = Debug|Any CPU
		{C5FD7C6B-2017-410F-A99E-409212CC78C0}.Debug|Any CPU.Build.0 = Debug|Any CPU
		{C5FD7C6B-2017-410F-A99E-409212CC78C0}.Release|Any CPU.ActiveCfg = Release|Any CPU
		{C5FD7C6B-2017-410F-A99E-409212CC78C0}.Release|Any CPU.Build.0 = Release|Any CPU
	EndGlobalSection
	GlobalSection(SolutionProperties) = preSolution
		HideSolutionNode = FALSE
	EndGlobalSection
	GlobalSection(ExtensibilityGlobals) = postSolution
		SolutionGuid = {EA4BC932-2421-4449-8337-99EF294F74C1}
	EndGlobalSection
EndGlobal
